// !$*UTF8*$!
{
	archiveVersion = 1;
	classes = {
	};
	objectVersion = 46;
	objects = {

/* Begin PBXBuildFile section */
		C63FB20B1E697032000225D4 /* ProductAttributeTableView.swift in Sources */ = {isa = PBXBuildFile; fileRef = C63FB20A1E697032000225D4 /* ProductAttributeTableView.swift */; };
		C65B3DE71E682ECE0055CD22 /* Main.storyboard in Resources */ = {isa = PBXBuildFile; fileRef = C65B3DE51E682ECE0055CD22 /* Main.storyboard */; };
		C65B3DE91E682ECE0055CD22 /* Assets.xcassets in Resources */ = {isa = PBXBuildFile; fileRef = C65B3DE81E682ECE0055CD22 /* Assets.xcassets */; };
		C65B3DEC1E682ECE0055CD22 /* LaunchScreen.storyboard in Resources */ = {isa = PBXBuildFile; fileRef = C65B3DEA1E682ECE0055CD22 /* LaunchScreen.storyboard */; };
		C65B3E101E682EFB0055CD22 /* AppDelegate.swift in Sources */ = {isa = PBXBuildFile; fileRef = C65B3E021E682EFB0055CD22 /* AppDelegate.swift */; };
		C65B3E161E6831C80055CD22 /* JLDWProductGridViewController.swift in Sources */ = {isa = PBXBuildFile; fileRef = C65B3E151E6831C80055CD22 /* JLDWProductGridViewController.swift */; };
		C65B3E181E6831F90055CD22 /* JLDWConstants.swift in Sources */ = {isa = PBXBuildFile; fileRef = C65B3E171E6831F90055CD22 /* JLDWConstants.swift */; };
		C65B3E211E6832670055CD22 /* JLDWProductGridViewControllerPresenter.swift in Sources */ = {isa = PBXBuildFile; fileRef = C65B3E201E6832670055CD22 /* JLDWProductGridViewControllerPresenter.swift */; };
		C65B3E231E6832DA0055CD22 /* JLDWProductGridVCTests.swift in Sources */ = {isa = PBXBuildFile; fileRef = C65B3E221E6832DA0055CD22 /* JLDWProductGridVCTests.swift */; };
		C65B3E2B1E6834340055CD22 /* JLDWProductGridViewControllerPresenter.swift in Sources */ = {isa = PBXBuildFile; fileRef = C65B3E201E6832670055CD22 /* JLDWProductGridViewControllerPresenter.swift */; };
		C65B3E2C1E6834450055CD22 /* JLDWConstants.swift in Sources */ = {isa = PBXBuildFile; fileRef = C65B3E171E6831F90055CD22 /* JLDWConstants.swift */; };
		C65B3E2F1E6836A50055CD22 /* JLDWTestUtility.swift in Sources */ = {isa = PBXBuildFile; fileRef = C65B3E2E1E6836A50055CD22 /* JLDWTestUtility.swift */; };
		C664282C1E6852D50016B562 /* DataService.swift in Sources */ = {isa = PBXBuildFile; fileRef = C664282A1E6852D50016B562 /* DataService.swift */; };
		C664282D1E6852D50016B562 /* DNWebService.swift in Sources */ = {isa = PBXBuildFile; fileRef = C664282B1E6852D50016B562 /* DNWebService.swift */; };
		C664282F1E6852DC0016B562 /* ErrorManager.swift in Sources */ = {isa = PBXBuildFile; fileRef = C664282E1E6852DC0016B562 /* ErrorManager.swift */; };
		C671E4DB1E6970A100774E3D /* JLDWProductDetailsViewControllerPresenter.swift in Sources */ = {isa = PBXBuildFile; fileRef = C671E4D91E6970A100774E3D /* JLDWProductDetailsViewControllerPresenter.swift */; };
		C671E4DD1E6970BB00774E3D /* JLDWProductDetailsViewController.swift in Sources */ = {isa = PBXBuildFile; fileRef = C671E4DC1E6970BB00774E3D /* JLDWProductDetailsViewController.swift */; };
		C671E4E81E6972D400774E3D /* AttributeTableViewCell.swift in Sources */ = {isa = PBXBuildFile; fileRef = C671E4E71E6972D400774E3D /* AttributeTableViewCell.swift */; };
		C6AAF07D1E6852770026FF79 /* AdditionalService.swift in Sources */ = {isa = PBXBuildFile; fileRef = C6AAF06C1E6852770026FF79 /* AdditionalService.swift */; };
		C6AAF07E1E6852770026FF79 /* AdditionalService.swift in Sources */ = {isa = PBXBuildFile; fileRef = C6AAF06C1E6852770026FF79 /* AdditionalService.swift */; };
		C6AAF07F1E6852770026FF79 /* Attribute.swift in Sources */ = {isa = PBXBuildFile; fileRef = C6AAF06E1E6852770026FF79 /* Attribute.swift */; };
		C6AAF0801E6852770026FF79 /* Attribute.swift in Sources */ = {isa = PBXBuildFile; fileRef = C6AAF06E1E6852770026FF79 /* Attribute.swift */; };
		C6AAF0811E6852770026FF79 /* BaseModel.swift in Sources */ = {isa = PBXBuildFile; fileRef = C6AAF0701E6852770026FF79 /* BaseModel.swift */; };
		C6AAF0821E6852770026FF79 /* BaseModel.swift in Sources */ = {isa = PBXBuildFile; fileRef = C6AAF0701E6852770026FF79 /* BaseModel.swift */; };
		C6AAF0831E6852770026FF79 /* Details.swift in Sources */ = {isa = PBXBuildFile; fileRef = C6AAF0721E6852770026FF79 /* Details.swift */; };
		C6AAF0841E6852770026FF79 /* Details.swift in Sources */ = {isa = PBXBuildFile; fileRef = C6AAF0721E6852770026FF79 /* Details.swift */; };
		C6AAF0851E6852770026FF79 /* IncludedService.swift in Sources */ = {isa = PBXBuildFile; fileRef = C6AAF0741E6852770026FF79 /* IncludedService.swift */; };
		C6AAF0861E6852770026FF79 /* IncludedService.swift in Sources */ = {isa = PBXBuildFile; fileRef = C6AAF0741E6852770026FF79 /* IncludedService.swift */; };
		C6AAF0871E6852770026FF79 /* Media.swift in Sources */ = {isa = PBXBuildFile; fileRef = C6AAF0761E6852770026FF79 /* Media.swift */; };
		C6AAF0881E6852770026FF79 /* Media.swift in Sources */ = {isa = PBXBuildFile; fileRef = C6AAF0761E6852770026FF79 /* Media.swift */; };
		C6AAF0891E6852770026FF79 /* Product.swift in Sources */ = {isa = PBXBuildFile; fileRef = C6AAF0781E6852770026FF79 /* Product.swift */; };
		C6AAF08A1E6852770026FF79 /* Product.swift in Sources */ = {isa = PBXBuildFile; fileRef = C6AAF0781E6852770026FF79 /* Product.swift */; };
		C6AAF08B1E6852770026FF79 /* ProductPrise.swift in Sources */ = {isa = PBXBuildFile; fileRef = C6AAF07A1E6852770026FF79 /* ProductPrise.swift */; };
		C6AAF08C1E6852770026FF79 /* ProductPrise.swift in Sources */ = {isa = PBXBuildFile; fileRef = C6AAF07A1E6852770026FF79 /* ProductPrise.swift */; };
		C6AAF08D1E6852770026FF79 /* SpecificProductInfo.swift in Sources */ = {isa = PBXBuildFile; fileRef = C6AAF07C1E6852770026FF79 /* SpecificProductInfo.swift */; };
		C6AAF08E1E6852770026FF79 /* SpecificProductInfo.swift in Sources */ = {isa = PBXBuildFile; fileRef = C6AAF07C1E6852770026FF79 /* SpecificProductInfo.swift */; };
		C6F0A1F41E69A5E400C3C49B /* CustomImageCarouselView.swift in Sources */ = {isa = PBXBuildFile; fileRef = C6F0A1F31E69A5E400C3C49B /* CustomImageCarouselView.swift */; };
		C6F0A1F71E69A62900C3C49B /* CustomImageView.swift in Sources */ = {isa = PBXBuildFile; fileRef = C6F0A1F61E69A62900C3C49B /* CustomImageView.swift */; };
		C6F0A1FA1E69B0DB00C3C49B /* JLDWProductDetailsViewControllerPresenter.swift in Sources */ = {isa = PBXBuildFile; fileRef = C671E4D91E6970A100774E3D /* JLDWProductDetailsViewControllerPresenter.swift */; };
		C6F0A1FE1E69B20600C3C49B /* UtilityTestCases.swift in Sources */ = {isa = PBXBuildFile; fileRef = C6F0A1FD1E69B20600C3C49B /* UtilityTestCases.swift */; };
		EA29AC521E684E230036F012 /* JLDWProductGridVCCollectionViewCell.swift in Sources */ = {isa = PBXBuildFile; fileRef = EA29AC501E684E230036F012 /* JLDWProductGridVCCollectionViewCell.swift */; };
		EA29C28A1E69E2440085B9C8 /* Reachability.swift in Sources */ = {isa = PBXBuildFile; fileRef = EA29C2891E69E2440085B9C8 /* Reachability.swift */; };
		EA5FCF8F1E6716D600F65C1F /* HelperUtils.swift in Sources */ = {isa = PBXBuildFile; fileRef = EA607F341E670066004419F5 /* HelperUtils.swift */; };
		EA5FCF901E67174300F65C1F /* DNWebService.swift in Sources */ = {isa = PBXBuildFile; fileRef = C664282B1E6852D50016B562 /* DNWebService.swift */; };
		EA5FCF911E67174900F65C1F /* DataService.swift in Sources */ = {isa = PBXBuildFile; fileRef = C664282A1E6852D50016B562 /* DataService.swift */; };
		EA5FCF921E67176500F65C1F /* ErrorManager.swift in Sources */ = {isa = PBXBuildFile; fileRef = C664282E1E6852DC0016B562 /* ErrorManager.swift */; };
		EA5FCFDE1E67285900F65C1F /* JLDWProductDetailsVCTests.swift in Sources */ = {isa = PBXBuildFile; fileRef = EA5FCFDD1E67285900F65C1F /* JLDWProductDetailsVCTests.swift */; };
		EA5FCFE21E672AC800F65C1F /* TestJsonForProductPageNoProductInfo.json in Resources */ = {isa = PBXBuildFile; fileRef = EA5FCFE01E672AC800F65C1F /* TestJsonForProductPageNoProductInfo.json */; };
		EA5FCFE31E672ACE00F65C1F /* TestJsonForProductPage.json in Resources */ = {isa = PBXBuildFile; fileRef = EA5FCF991E67194B00F65C1F /* TestJsonForProductPage.json */; };
		EA5FCFE41E672AD100F65C1F /* TestJsonFileForProductsListWith21Products.json in Resources */ = {isa = PBXBuildFile; fileRef = EA5FCF931E6718BF00F65C1F /* TestJsonFileForProductsListWith21Products.json */; };
		EA5FCFE51E672AD300F65C1F /* TestJsonFileForProductsListWithNoProduct.json in Resources */ = {isa = PBXBuildFile; fileRef = EA5FCF941E6718BF00F65C1F /* TestJsonFileForProductsListWithNoProduct.json */; };
		EA5FCFE61E672AD500F65C1F /* TestJsonFileForProductsListWithValidProducts.json in Resources */ = {isa = PBXBuildFile; fileRef = EA5FCF951E6718BF00F65C1F /* TestJsonFileForProductsListWithValidProducts.json */; };
		EA5FCFE71E672B7C00F65C1F /* TestJsonForProductPageNoProductInfo.json in Resources */ = {isa = PBXBuildFile; fileRef = EA5FCFE01E672AC800F65C1F /* TestJsonForProductPageNoProductInfo.json */; };
		EA5FCFE81E672B7E00F65C1F /* TestJsonForProductPage.json in Resources */ = {isa = PBXBuildFile; fileRef = EA5FCF991E67194B00F65C1F /* TestJsonForProductPage.json */; };
		EA5FCFE91E672B8000F65C1F /* TestJsonFileForProductsListWith21Products.json in Resources */ = {isa = PBXBuildFile; fileRef = EA5FCF931E6718BF00F65C1F /* TestJsonFileForProductsListWith21Products.json */; };
		EA5FCFEA1E672B8200F65C1F /* TestJsonFileForProductsListWithNoProduct.json in Resources */ = {isa = PBXBuildFile; fileRef = EA5FCF941E6718BF00F65C1F /* TestJsonFileForProductsListWithNoProduct.json */; };
		EA5FCFEB1E672B8400F65C1F /* TestJsonFileForProductsListWithValidProducts.json in Resources */ = {isa = PBXBuildFile; fileRef = EA5FCF951E6718BF00F65C1F /* TestJsonFileForProductsListWithValidProducts.json */; };
		EA5FCFEC1E672FD200F65C1F /* JLDWTestUtility.swift in Sources */ = {isa = PBXBuildFile; fileRef = C65B3E2E1E6836A50055CD22 /* JLDWTestUtility.swift */; };
		EA607F351E670066004419F5 /* HelperUtils.swift in Sources */ = {isa = PBXBuildFile; fileRef = EA607F341E670066004419F5 /* HelperUtils.swift */; };
/* End PBXBuildFile section */

/* Begin PBXContainerItemProxy section */
		C65B3DF31E682ECE0055CD22 /* PBXContainerItemProxy */ = {
			isa = PBXContainerItemProxy;
			containerPortal = C65B3DD61E682ECD0055CD22 /* Project object */;
			proxyType = 1;
			remoteGlobalIDString = C65B3DDD1E682ECD0055CD22;
			remoteInfo = JLDishWasher;
		};
/* End PBXContainerItemProxy section */

/* Begin PBXFileReference section */
		C63FB20A1E697032000225D4 /* ProductAttributeTableView.swift */ = {isa = PBXFileReference; fileEncoding = 4; lastKnownFileType = sourcecode.swift; path = ProductAttributeTableView.swift; sourceTree = "<group>"; };
		C65B3DDE1E682ECD0055CD22 /* JLDishWasher.app */ = {isa = PBXFileReference; explicitFileType = wrapper.application; includeInIndex = 0; path = JLDishWasher.app; sourceTree = BUILT_PRODUCTS_DIR; };
		C65B3DE61E682ECE0055CD22 /* Base */ = {isa = PBXFileReference; lastKnownFileType = file.storyboard; name = Base; path = Base.lproj/Main.storyboard; sourceTree = "<group>"; };
		C65B3DE81E682ECE0055CD22 /* Assets.xcassets */ = {isa = PBXFileReference; lastKnownFileType = folder.assetcatalog; name = Assets.xcassets; path = JLDishWasher/Assets.xcassets; sourceTree = "<group>"; };
		C65B3DEB1E682ECE0055CD22 /* Base */ = {isa = PBXFileReference; lastKnownFileType = file.storyboard; name = Base; path = Base.lproj/LaunchScreen.storyboard; sourceTree = "<group>"; };
		C65B3DED1E682ECE0055CD22 /* Info.plist */ = {isa = PBXFileReference; lastKnownFileType = text.plist.xml; path = Info.plist; sourceTree = "<group>"; };
		C65B3DF21E682ECE0055CD22 /* JLDishWasherTests.xctest */ = {isa = PBXFileReference; explicitFileType = wrapper.cfbundle; includeInIndex = 0; path = JLDishWasherTests.xctest; sourceTree = BUILT_PRODUCTS_DIR; };
		C65B3DF81E682ECE0055CD22 /* Info.plist */ = {isa = PBXFileReference; lastKnownFileType = text.plist.xml; path = Info.plist; sourceTree = "<group>"; };
		C65B3E021E682EFB0055CD22 /* AppDelegate.swift */ = {isa = PBXFileReference; fileEncoding = 4; lastKnownFileType = sourcecode.swift; path = AppDelegate.swift; sourceTree = "<group>"; };
		C65B3E151E6831C80055CD22 /* JLDWProductGridViewController.swift */ = {isa = PBXFileReference; fileEncoding = 4; lastKnownFileType = sourcecode.swift; path = JLDWProductGridViewController.swift; sourceTree = "<group>"; };
		C65B3E171E6831F90055CD22 /* JLDWConstants.swift */ = {isa = PBXFileReference; fileEncoding = 4; lastKnownFileType = sourcecode.swift; path = JLDWConstants.swift; sourceTree = "<group>"; };
		C65B3E201E6832670055CD22 /* JLDWProductGridViewControllerPresenter.swift */ = {isa = PBXFileReference; fileEncoding = 4; lastKnownFileType = sourcecode.swift; path = JLDWProductGridViewControllerPresenter.swift; sourceTree = "<group>"; };
		C65B3E221E6832DA0055CD22 /* JLDWProductGridVCTests.swift */ = {isa = PBXFileReference; fileEncoding = 4; lastKnownFileType = sourcecode.swift; path = JLDWProductGridVCTests.swift; sourceTree = "<group>"; };
		C65B3E2E1E6836A50055CD22 /* JLDWTestUtility.swift */ = {isa = PBXFileReference; fileEncoding = 4; lastKnownFileType = sourcecode.swift; path = JLDWTestUtility.swift; sourceTree = "<group>"; };
		C664282A1E6852D50016B562 /* DataService.swift */ = {isa = PBXFileReference; fileEncoding = 4; lastKnownFileType = sourcecode.swift; path = DataService.swift; sourceTree = "<group>"; };
		C664282B1E6852D50016B562 /* DNWebService.swift */ = {isa = PBXFileReference; fileEncoding = 4; lastKnownFileType = sourcecode.swift; path = DNWebService.swift; sourceTree = "<group>"; };
		C664282E1E6852DC0016B562 /* ErrorManager.swift */ = {isa = PBXFileReference; fileEncoding = 4; lastKnownFileType = sourcecode.swift; path = ErrorManager.swift; sourceTree = "<group>"; };
		C671E4D91E6970A100774E3D /* JLDWProductDetailsViewControllerPresenter.swift */ = {isa = PBXFileReference; fileEncoding = 4; lastKnownFileType = sourcecode.swift; path = JLDWProductDetailsViewControllerPresenter.swift; sourceTree = "<group>"; };
		C671E4DC1E6970BB00774E3D /* JLDWProductDetailsViewController.swift */ = {isa = PBXFileReference; fileEncoding = 4; lastKnownFileType = sourcecode.swift; path = JLDWProductDetailsViewController.swift; sourceTree = "<group>"; };
		C671E4E71E6972D400774E3D /* AttributeTableViewCell.swift */ = {isa = PBXFileReference; fileEncoding = 4; lastKnownFileType = sourcecode.swift; path = AttributeTableViewCell.swift; sourceTree = "<group>"; };
		C6AAF06C1E6852770026FF79 /* AdditionalService.swift */ = {isa = PBXFileReference; fileEncoding = 4; lastKnownFileType = sourcecode.swift; path = AdditionalService.swift; sourceTree = "<group>"; };
		C6AAF06E1E6852770026FF79 /* Attribute.swift */ = {isa = PBXFileReference; fileEncoding = 4; lastKnownFileType = sourcecode.swift; path = Attribute.swift; sourceTree = "<group>"; };
		C6AAF0701E6852770026FF79 /* BaseModel.swift */ = {isa = PBXFileReference; fileEncoding = 4; lastKnownFileType = sourcecode.swift; path = BaseModel.swift; sourceTree = "<group>"; };
		C6AAF0721E6852770026FF79 /* Details.swift */ = {isa = PBXFileReference; fileEncoding = 4; lastKnownFileType = sourcecode.swift; path = Details.swift; sourceTree = "<group>"; };
		C6AAF0741E6852770026FF79 /* IncludedService.swift */ = {isa = PBXFileReference; fileEncoding = 4; lastKnownFileType = sourcecode.swift; path = IncludedService.swift; sourceTree = "<group>"; };
		C6AAF0761E6852770026FF79 /* Media.swift */ = {isa = PBXFileReference; fileEncoding = 4; lastKnownFileType = sourcecode.swift; path = Media.swift; sourceTree = "<group>"; };
		C6AAF0781E6852770026FF79 /* Product.swift */ = {isa = PBXFileReference; fileEncoding = 4; lastKnownFileType = sourcecode.swift; path = Product.swift; sourceTree = "<group>"; };
		C6AAF07A1E6852770026FF79 /* ProductPrise.swift */ = {isa = PBXFileReference; fileEncoding = 4; lastKnownFileType = sourcecode.swift; path = ProductPrise.swift; sourceTree = "<group>"; };
		C6AAF07C1E6852770026FF79 /* SpecificProductInfo.swift */ = {isa = PBXFileReference; fileEncoding = 4; lastKnownFileType = sourcecode.swift; path = SpecificProductInfo.swift; sourceTree = "<group>"; };
		C6F0A1F31E69A5E400C3C49B /* CustomImageCarouselView.swift */ = {isa = PBXFileReference; fileEncoding = 4; lastKnownFileType = sourcecode.swift; path = CustomImageCarouselView.swift; sourceTree = "<group>"; };
		C6F0A1F61E69A62900C3C49B /* CustomImageView.swift */ = {isa = PBXFileReference; fileEncoding = 4; lastKnownFileType = sourcecode.swift; path = CustomImageView.swift; sourceTree = "<group>"; };
		C6F0A1FD1E69B20600C3C49B /* UtilityTestCases.swift */ = {isa = PBXFileReference; fileEncoding = 4; lastKnownFileType = sourcecode.swift; path = UtilityTestCases.swift; sourceTree = "<group>"; };
		EA29AC501E684E230036F012 /* JLDWProductGridVCCollectionViewCell.swift */ = {isa = PBXFileReference; fileEncoding = 4; lastKnownFileType = sourcecode.swift; path = JLDWProductGridVCCollectionViewCell.swift; sourceTree = "<group>"; };
		EA29C2891E69E2440085B9C8 /* Reachability.swift */ = {isa = PBXFileReference; fileEncoding = 4; lastKnownFileType = sourcecode.swift; path = Reachability.swift; sourceTree = "<group>"; };
		EA5FCF931E6718BF00F65C1F /* TestJsonFileForProductsListWith21Products.json */ = {isa = PBXFileReference; fileEncoding = 4; lastKnownFileType = text.json; path = TestJsonFileForProductsListWith21Products.json; sourceTree = "<group>"; };
		EA5FCF941E6718BF00F65C1F /* TestJsonFileForProductsListWithNoProduct.json */ = {isa = PBXFileReference; fileEncoding = 4; lastKnownFileType = text.json; path = TestJsonFileForProductsListWithNoProduct.json; sourceTree = "<group>"; };
		EA5FCF951E6718BF00F65C1F /* TestJsonFileForProductsListWithValidProducts.json */ = {isa = PBXFileReference; fileEncoding = 4; lastKnownFileType = text.json; path = TestJsonFileForProductsListWithValidProducts.json; sourceTree = "<group>"; };
		EA5FCF991E67194B00F65C1F /* TestJsonForProductPage.json */ = {isa = PBXFileReference; fileEncoding = 4; lastKnownFileType = text.json; path = TestJsonForProductPage.json; sourceTree = "<group>"; };
		EA5FCFDD1E67285900F65C1F /* JLDWProductDetailsVCTests.swift */ = {isa = PBXFileReference; fileEncoding = 4; lastKnownFileType = sourcecode.swift; path = JLDWProductDetailsVCTests.swift; sourceTree = "<group>"; };
		EA5FCFE01E672AC800F65C1F /* TestJsonForProductPageNoProductInfo.json */ = {isa = PBXFileReference; fileEncoding = 4; lastKnownFileType = text.json; path = TestJsonForProductPageNoProductInfo.json; sourceTree = "<group>"; };
		EA607F341E670066004419F5 /* HelperUtils.swift */ = {isa = PBXFileReference; fileEncoding = 4; lastKnownFileType = sourcecode.swift; path = HelperUtils.swift; sourceTree = "<group>"; };
/* End PBXFileReference section */

/* Begin PBXFrameworksBuildPhase section */
		C65B3DDB1E682ECD0055CD22 /* Frameworks */ = {
			isa = PBXFrameworksBuildPhase;
			buildActionMask = 2147483647;
			files = (
			);
			runOnlyForDeploymentPostprocessing = 0;
		};
		C65B3DEF1E682ECE0055CD22 /* Frameworks */ = {
			isa = PBXFrameworksBuildPhase;
			buildActionMask = 2147483647;
			files = (
			);
			runOnlyForDeploymentPostprocessing = 0;
		};
/* End PBXFrameworksBuildPhase section */

/* Begin PBXGroup section */
		C63FB2091E697020000225D4 /* ProductAttributeTableView */ = {
			isa = PBXGroup;
			children = (
				C63FB20A1E697032000225D4 /* ProductAttributeTableView.swift */,
			);
			path = ProductAttributeTableView;
			sourceTree = "<group>";
		};
		C65B3DD51E682ECD0055CD22 = {
			isa = PBXGroup;
			children = (
				C65B3DE01E682ECD0055CD22 /* JLDishWasher */,
				C65B3DE81E682ECE0055CD22 /* Assets.xcassets */,
				C65B3DF51E682ECE0055CD22 /* JLDishWasherTests */,
				C65B3DDF1E682ECD0055CD22 /* Products */,
			);
			sourceTree = "<group>";
		};
		C65B3DDF1E682ECD0055CD22 /* Products */ = {
			isa = PBXGroup;
			children = (
				C65B3DDE1E682ECD0055CD22 /* JLDishWasher.app */,
				C65B3DF21E682ECE0055CD22 /* JLDishWasherTests.xctest */,
			);
			name = Products;
			sourceTree = "<group>";
		};
		C65B3DE01E682ECD0055CD22 /* JLDishWasher */ = {
			isa = PBXGroup;
			children = (
				C65B3E011E682EFB0055CD22 /* Application */,
				C65B3E041E682EFB0055CD22 /* Constants */,
				C6AAF06A1E6852770026FF79 /* Model */,
				C65B3E061E682EFB0055CD22 /* Resource */,
				C65B3E081E682EFB0055CD22 /* Utility */,
				C65B3E0D1E682EFB0055CD22 /* ViewController */,
				C66428321E6857020016B562 /* View */,
				C65B3E121E682F050055CD22 /* Storyboard */,
				C66428271E6845660016B562 /* TestJsonFile */,
				C65B3DED1E682ECE0055CD22 /* Info.plist */,
			);
			path = JLDishWasher;
			sourceTree = "<group>";
		};
		C65B3DF51E682ECE0055CD22 /* JLDishWasherTests */ = {
			isa = PBXGroup;
			children = (
				C65B3E2D1E6836870055CD22 /* Utility */,
				C65B3DF81E682ECE0055CD22 /* Info.plist */,
				C65B3E221E6832DA0055CD22 /* JLDWProductGridVCTests.swift */,
				EA5FCFDD1E67285900F65C1F /* JLDWProductDetailsVCTests.swift */,
				C6F0A1FD1E69B20600C3C49B /* UtilityTestCases.swift */,
			);
			path = JLDishWasherTests;
			sourceTree = "<group>";
		};
		C65B3E011E682EFB0055CD22 /* Application */ = {
			isa = PBXGroup;
			children = (
				C65B3E021E682EFB0055CD22 /* AppDelegate.swift */,
			);
			path = Application;
			sourceTree = "<group>";
		};
		C65B3E041E682EFB0055CD22 /* Constants */ = {
			isa = PBXGroup;
			children = (
				C65B3E171E6831F90055CD22 /* JLDWConstants.swift */,
			);
			path = Constants;
			sourceTree = "<group>";
		};
		C65B3E061E682EFB0055CD22 /* Resource */ = {
			isa = PBXGroup;
			children = (
				C66428111E683FF30016B562 /* TestJsonFile */,
				C65B3E071E682EFB0055CD22 /* Plist */,
			);
			path = Resource;
			sourceTree = "<group>";
		};
		C65B3E071E682EFB0055CD22 /* Plist */ = {
			isa = PBXGroup;
			children = (
			);
			path = Plist;
			sourceTree = "<group>";
		};
		C65B3E081E682EFB0055CD22 /* Utility */ = {
			isa = PBXGroup;
			children = (
				C6F0A1F51E69A61B00C3C49B /* CustomImageView */,
				C6F0A1F21E69A5D800C3C49B /* CustomImageCarouselView */,
				C65B3E091E682EFB0055CD22 /* ErrorManager */,
				EA29C2881E69E22B0085B9C8 /* Reachability */,
				C65B3E0A1E682EFB0055CD22 /* ServiceManager */,
				EA607F341E670066004419F5 /* HelperUtils.swift */,
			);
			path = Utility;
			sourceTree = "<group>";
		};
		C65B3E091E682EFB0055CD22 /* ErrorManager */ = {
			isa = PBXGroup;
			children = (
				C664282E1E6852DC0016B562 /* ErrorManager.swift */,
			);
			path = ErrorManager;
			sourceTree = "<group>";
		};
		C65B3E0A1E682EFB0055CD22 /* ServiceManager */ = {
			isa = PBXGroup;
			children = (
				C664282A1E6852D50016B562 /* DataService.swift */,
				C664282B1E6852D50016B562 /* DNWebService.swift */,
			);
			path = ServiceManager;
			sourceTree = "<group>";
		};
		C65B3E0D1E682EFB0055CD22 /* ViewController */ = {
			isa = PBXGroup;
			children = (
				C671E4D71E6970A100774E3D /* ProductDetailsViewController */,
				C65B3E0F1E682EFB0055CD22 /* ProductGridViewController */,
			);
			path = ViewController;
			sourceTree = "<group>";
		};
		C65B3E0F1E682EFB0055CD22 /* ProductGridViewController */ = {
			isa = PBXGroup;
			children = (
				C65B3E151E6831C80055CD22 /* JLDWProductGridViewController.swift */,
				C65B3E201E6832670055CD22 /* JLDWProductGridViewControllerPresenter.swift */,
			);
			path = ProductGridViewController;
			sourceTree = "<group>";
		};
		C65B3E121E682F050055CD22 /* Storyboard */ = {
			isa = PBXGroup;
			children = (
				C65B3DE51E682ECE0055CD22 /* Main.storyboard */,
				C65B3DEA1E682ECE0055CD22 /* LaunchScreen.storyboard */,
			);
			name = Storyboard;
			sourceTree = "<group>";
		};
		C65B3E2D1E6836870055CD22 /* Utility */ = {
			isa = PBXGroup;
			children = (
				C65B3E2E1E6836A50055CD22 /* JLDWTestUtility.swift */,
			);
			path = Utility;
			sourceTree = "<group>";
		};
		C66428111E683FF30016B562 /* TestJsonFile */ = {
			isa = PBXGroup;
			children = (
			);
			name = TestJsonFile;
			sourceTree = "<group>";
		};
		C66428271E6845660016B562 /* TestJsonFile */ = {
			isa = PBXGroup;
			children = (
				EA5FCFE01E672AC800F65C1F /* TestJsonForProductPageNoProductInfo.json */,
				EA5FCF991E67194B00F65C1F /* TestJsonForProductPage.json */,
				EA5FCF931E6718BF00F65C1F /* TestJsonFileForProductsListWith21Products.json */,
				EA5FCF941E6718BF00F65C1F /* TestJsonFileForProductsListWithNoProduct.json */,
				EA5FCF951E6718BF00F65C1F /* TestJsonFileForProductsListWithValidProducts.json */,
			);
			name = TestJsonFile;
			sourceTree = "<group>";
		};
		C66428321E6857020016B562 /* View */ = {
			isa = PBXGroup;
			children = (
				C66D5BC21E6871EA0011DEA0 /* CollectionViewCell */,
				C66D5BC51E6871EA0011DEA0 /* TableView */,
				C66D5BC61E6871EA0011DEA0 /* TableViewCell */,
			);
			path = View;
			sourceTree = "<group>";
		};
		C66D5BC21E6871EA0011DEA0 /* CollectionViewCell */ = {
			isa = PBXGroup;
			children = (
				EA29AC4F1E684E230036F012 /* ProductGridVCCollectionViewCell */,
			);
			path = CollectionViewCell;
			sourceTree = "<group>";
		};
		C66D5BC51E6871EA0011DEA0 /* TableView */ = {
			isa = PBXGroup;
			children = (
				C63FB2091E697020000225D4 /* ProductAttributeTableView */,
			);
			path = TableView;
			sourceTree = "<group>";
		};
		C66D5BC61E6871EA0011DEA0 /* TableViewCell */ = {
			isa = PBXGroup;
			children = (
				C671E4E41E6972C700774E3D /* AttributeTableViewCell */,
			);
			path = TableViewCell;
			sourceTree = "<group>";
		};
		C671E4D71E6970A100774E3D /* ProductDetailsViewController */ = {
			isa = PBXGroup;
			children = (
				C671E4DC1E6970BB00774E3D /* JLDWProductDetailsViewController.swift */,
				C671E4D91E6970A100774E3D /* JLDWProductDetailsViewControllerPresenter.swift */,
			);
			path = ProductDetailsViewController;
			sourceTree = "<group>";
		};
		C671E4E41E6972C700774E3D /* AttributeTableViewCell */ = {
			isa = PBXGroup;
			children = (
				C671E4E71E6972D400774E3D /* AttributeTableViewCell.swift */,
			);
			path = AttributeTableViewCell;
			sourceTree = "<group>";
		};
		C6AAF06A1E6852770026FF79 /* Model */ = {
			isa = PBXGroup;
			children = (
				C6AAF06B1E6852770026FF79 /* AdditionalService */,
				C6AAF06D1E6852770026FF79 /* Attribute */,
				C6AAF06F1E6852770026FF79 /* BaseModel */,
				C6AAF0711E6852770026FF79 /* Details */,
				C6AAF0731E6852770026FF79 /* IncludedService */,
				C6AAF0751E6852770026FF79 /* Media */,
				C6AAF0771E6852770026FF79 /* Product */,
				C6AAF0791E6852770026FF79 /* ProductPrise */,
				C6AAF07B1E6852770026FF79 /* SpecificProductInfo */,
			);
			path = Model;
			sourceTree = "<group>";
		};
		C6AAF06B1E6852770026FF79 /* AdditionalService */ = {
			isa = PBXGroup;
			children = (
				C6AAF06C1E6852770026FF79 /* AdditionalService.swift */,
			);
			path = AdditionalService;
			sourceTree = "<group>";
		};
		C6AAF06D1E6852770026FF79 /* Attribute */ = {
			isa = PBXGroup;
			children = (
				C6AAF06E1E6852770026FF79 /* Attribute.swift */,
			);
			path = Attribute;
			sourceTree = "<group>";
		};
		C6AAF06F1E6852770026FF79 /* BaseModel */ = {
			isa = PBXGroup;
			children = (
				C6AAF0701E6852770026FF79 /* BaseModel.swift */,
			);
			path = BaseModel;
			sourceTree = "<group>";
		};
		C6AAF0711E6852770026FF79 /* Details */ = {
			isa = PBXGroup;
			children = (
				C6AAF0721E6852770026FF79 /* Details.swift */,
			);
			path = Details;
			sourceTree = "<group>";
		};
		C6AAF0731E6852770026FF79 /* IncludedService */ = {
			isa = PBXGroup;
			children = (
				C6AAF0741E6852770026FF79 /* IncludedService.swift */,
			);
			path = IncludedService;
			sourceTree = "<group>";
		};
		C6AAF0751E6852770026FF79 /* Media */ = {
			isa = PBXGroup;
			children = (
				C6AAF0761E6852770026FF79 /* Media.swift */,
			);
			path = Media;
			sourceTree = "<group>";
		};
		C6AAF0771E6852770026FF79 /* Product */ = {
			isa = PBXGroup;
			children = (
				C6AAF0781E6852770026FF79 /* Product.swift */,
			);
			path = Product;
			sourceTree = "<group>";
		};
		C6AAF0791E6852770026FF79 /* ProductPrise */ = {
			isa = PBXGroup;
			children = (
				C6AAF07A1E6852770026FF79 /* ProductPrise.swift */,
			);
			path = ProductPrise;
			sourceTree = "<group>";
		};
		C6AAF07B1E6852770026FF79 /* SpecificProductInfo */ = {
			isa = PBXGroup;
			children = (
				C6AAF07C1E6852770026FF79 /* SpecificProductInfo.swift */,
			);
			path = SpecificProductInfo;
			sourceTree = "<group>";
		};
		C6F0A1F21E69A5D800C3C49B /* CustomImageCarouselView */ = {
			isa = PBXGroup;
			children = (
				C6F0A1F31E69A5E400C3C49B /* CustomImageCarouselView.swift */,
			);
			path = CustomImageCarouselView;
			sourceTree = "<group>";
		};
		C6F0A1F51E69A61B00C3C49B /* CustomImageView */ = {
			isa = PBXGroup;
			children = (
				C6F0A1F61E69A62900C3C49B /* CustomImageView.swift */,
			);
			path = CustomImageView;
			sourceTree = "<group>";
		};
		EA29AC4F1E684E230036F012 /* ProductGridVCCollectionViewCell */ = {
			isa = PBXGroup;
			children = (
				EA29AC501E684E230036F012 /* JLDWProductGridVCCollectionViewCell.swift */,
			);
			path = ProductGridVCCollectionViewCell;
			sourceTree = "<group>";
		};
		EA29C2881E69E22B0085B9C8 /* Reachability */ = {
			isa = PBXGroup;
			children = (
				EA29C2891E69E2440085B9C8 /* Reachability.swift */,
			);
			path = Reachability;
			sourceTree = "<group>";
		};
/* End PBXGroup section */

/* Begin PBXNativeTarget section */
		C65B3DDD1E682ECD0055CD22 /* JLDishWasher */ = {
			isa = PBXNativeTarget;
			buildConfigurationList = C65B3DFB1E682ECE0055CD22 /* Build configuration list for PBXNativeTarget "JLDishWasher" */;
			buildPhases = (
				C65B3DDA1E682ECD0055CD22 /* Sources */,
				C65B3DDB1E682ECD0055CD22 /* Frameworks */,
				C65B3DDC1E682ECD0055CD22 /* Resources */,
			);
			buildRules = (
			);
			dependencies = (
			);
			name = JLDishWasher;
			productName = JLDishWasher;
			productReference = C65B3DDE1E682ECD0055CD22 /* JLDishWasher.app */;
			productType = "com.apple.product-type.application";
		};
		C65B3DF11E682ECE0055CD22 /* JLDishWasherTests */ = {
			isa = PBXNativeTarget;
			buildConfigurationList = C65B3DFE1E682ECE0055CD22 /* Build configuration list for PBXNativeTarget "JLDishWasherTests" */;
			buildPhases = (
				C65B3DEE1E682ECE0055CD22 /* Sources */,
				C65B3DEF1E682ECE0055CD22 /* Frameworks */,
				C65B3DF01E682ECE0055CD22 /* Resources */,
			);
			buildRules = (
			);
			dependencies = (
				C65B3DF41E682ECE0055CD22 /* PBXTargetDependency */,
			);
			name = JLDishWasherTests;
			productName = JLDishWasherTests;
			productReference = C65B3DF21E682ECE0055CD22 /* JLDishWasherTests.xctest */;
			productType = "com.apple.product-type.bundle.unit-test";
		};
/* End PBXNativeTarget section */

/* Begin PBXProject section */
		C65B3DD61E682ECD0055CD22 /* Project object */ = {
			isa = PBXProject;
			attributes = {
				LastSwiftUpdateCheck = 0820;
				LastUpgradeCheck = 0820;
				ORGANIZATIONNAME = CTS;
				TargetAttributes = {
					C65B3DDD1E682ECD0055CD22 = {
						CreatedOnToolsVersion = 8.2.1;
						ProvisioningStyle = Automatic;
					};
					C65B3DF11E682ECE0055CD22 = {
						CreatedOnToolsVersion = 8.2.1;
						ProvisioningStyle = Automatic;
						TestTargetID = C65B3DDD1E682ECD0055CD22;
					};
				};
			};
			buildConfigurationList = C65B3DD91E682ECD0055CD22 /* Build configuration list for PBXProject "JLDishWasher" */;
			compatibilityVersion = "Xcode 3.2";
			developmentRegion = English;
			hasScannedForEncodings = 0;
			knownRegions = (
				en,
				Base,
			);
			mainGroup = C65B3DD51E682ECD0055CD22;
			productRefGroup = C65B3DDF1E682ECD0055CD22 /* Products */;
			projectDirPath = "";
			projectRoot = "";
			targets = (
				C65B3DDD1E682ECD0055CD22 /* JLDishWasher */,
				C65B3DF11E682ECE0055CD22 /* JLDishWasherTests */,
			);
		};
/* End PBXProject section */

/* Begin PBXResourcesBuildPhase section */
		C65B3DDC1E682ECD0055CD22 /* Resources */ = {
			isa = PBXResourcesBuildPhase;
			buildActionMask = 2147483647;
			files = (
				EA5FCFE91E672B8000F65C1F /* TestJsonFileForProductsListWith21Products.json in Resources */,
				EA5FCFE81E672B7E00F65C1F /* TestJsonForProductPage.json in Resources */,
				EA5FCFEB1E672B8400F65C1F /* TestJsonFileForProductsListWithValidProducts.json in Resources */,
				EA5FCFEA1E672B8200F65C1F /* TestJsonFileForProductsListWithNoProduct.json in Resources */,
				C65B3DEC1E682ECE0055CD22 /* LaunchScreen.storyboard in Resources */,
				EA5FCFE71E672B7C00F65C1F /* TestJsonForProductPageNoProductInfo.json in Resources */,
				C65B3DE91E682ECE0055CD22 /* Assets.xcassets in Resources */,
				C65B3DE71E682ECE0055CD22 /* Main.storyboard in Resources */,
			);
			runOnlyForDeploymentPostprocessing = 0;
		};
		C65B3DF01E682ECE0055CD22 /* Resources */ = {
			isa = PBXResourcesBuildPhase;
			buildActionMask = 2147483647;
			files = (
				EA5FCFE61E672AD500F65C1F /* TestJsonFileForProductsListWithValidProducts.json in Resources */,
				EA5FCFE51E672AD300F65C1F /* TestJsonFileForProductsListWithNoProduct.json in Resources */,
				EA5FCFE41E672AD100F65C1F /* TestJsonFileForProductsListWith21Products.json in Resources */,
				EA5FCFE31E672ACE00F65C1F /* TestJsonForProductPage.json in Resources */,
				EA5FCFE21E672AC800F65C1F /* TestJsonForProductPageNoProductInfo.json in Resources */,
			);
			runOnlyForDeploymentPostprocessing = 0;
		};
/* End PBXResourcesBuildPhase section */

/* Begin PBXSourcesBuildPhase section */
		C65B3DDA1E682ECD0055CD22 /* Sources */ = {
			isa = PBXSourcesBuildPhase;
			buildActionMask = 2147483647;
			files = (
				C6AAF0891E6852770026FF79 /* Product.swift in Sources */,
				C6F0A1F71E69A62900C3C49B /* CustomImageView.swift in Sources */,
				C6F0A1F41E69A5E400C3C49B /* CustomImageCarouselView.swift in Sources */,
				C6AAF07D1E6852770026FF79 /* AdditionalService.swift in Sources */,
				EA29AC521E684E230036F012 /* JLDWProductGridVCCollectionViewCell.swift in Sources */,
				C664282F1E6852DC0016B562 /* ErrorManager.swift in Sources */,
				C65B3E181E6831F90055CD22 /* JLDWConstants.swift in Sources */,
				C6AAF07F1E6852770026FF79 /* Attribute.swift in Sources */,
				C664282C1E6852D50016B562 /* DataService.swift in Sources */,
				EA5FCFEC1E672FD200F65C1F /* JLDWTestUtility.swift in Sources */,
				C6AAF08B1E6852770026FF79 /* ProductPrise.swift in Sources */,
				C63FB20B1E697032000225D4 /* ProductAttributeTableView.swift in Sources */,
				EA29C28A1E69E2440085B9C8 /* Reachability.swift in Sources */,
				C671E4DB1E6970A100774E3D /* JLDWProductDetailsViewControllerPresenter.swift in Sources */,
				C6AAF08D1E6852770026FF79 /* SpecificProductInfo.swift in Sources */,
				C6AAF0811E6852770026FF79 /* BaseModel.swift in Sources */,
				C671E4E81E6972D400774E3D /* AttributeTableViewCell.swift in Sources */,
				EA607F351E670066004419F5 /* HelperUtils.swift in Sources */,
				C671E4DD1E6970BB00774E3D /* JLDWProductDetailsViewController.swift in Sources */,
				C65B3E101E682EFB0055CD22 /* AppDelegate.swift in Sources */,
				C65B3E211E6832670055CD22 /* JLDWProductGridViewControllerPresenter.swift in Sources */,
				C65B3E161E6831C80055CD22 /* JLDWProductGridViewController.swift in Sources */,
				C6AAF0871E6852770026FF79 /* Media.swift in Sources */,
				C6AAF0851E6852770026FF79 /* IncludedService.swift in Sources */,
				C6AAF0831E6852770026FF79 /* Details.swift in Sources */,
				C664282D1E6852D50016B562 /* DNWebService.swift in Sources */,
			);
			runOnlyForDeploymentPostprocessing = 0;
		};
		C65B3DEE1E682ECE0055CD22 /* Sources */ = {
			isa = PBXSourcesBuildPhase;
			buildActionMask = 2147483647;
			files = (
				EA5FCF911E67174900F65C1F /* DataService.swift in Sources */,
				C6AAF0861E6852770026FF79 /* IncludedService.swift in Sources */,
				C65B3E2C1E6834450055CD22 /* JLDWConstants.swift in Sources */,
				C65B3E2F1E6836A50055CD22 /* JLDWTestUtility.swift in Sources */,
				C6F0A1FE1E69B20600C3C49B /* UtilityTestCases.swift in Sources */,
				C6AAF0821E6852770026FF79 /* BaseModel.swift in Sources */,
				C6AAF08C1E6852770026FF79 /* ProductPrise.swift in Sources */,
				C6AAF08A1E6852770026FF79 /* Product.swift in Sources */,
				EA5FCF921E67176500F65C1F /* ErrorManager.swift in Sources */,
				C6AAF08E1E6852770026FF79 /* SpecificProductInfo.swift in Sources */,
				C6AAF0881E6852770026FF79 /* Media.swift in Sources */,
				C65B3E231E6832DA0055CD22 /* JLDWProductGridVCTests.swift in Sources */,
				C6AAF0841E6852770026FF79 /* Details.swift in Sources */,
				C6F0A1FA1E69B0DB00C3C49B /* JLDWProductDetailsViewControllerPresenter.swift in Sources */,
				C6AAF0801E6852770026FF79 /* Attribute.swift in Sources */,
				C65B3E2B1E6834340055CD22 /* JLDWProductGridViewControllerPresenter.swift in Sources */,
				C6AAF07E1E6852770026FF79 /* AdditionalService.swift in Sources */,
				EA5FCF901E67174300F65C1F /* DNWebService.swift in Sources */,
				EA5FCFDE1E67285900F65C1F /* JLDWProductDetailsVCTests.swift in Sources */,
				EA5FCF8F1E6716D600F65C1F /* HelperUtils.swift in Sources */,
			);
			runOnlyForDeploymentPostprocessing = 0;
		};
/* End PBXSourcesBuildPhase section */

/* Begin PBXTargetDependency section */
		C65B3DF41E682ECE0055CD22 /* PBXTargetDependency */ = {
			isa = PBXTargetDependency;
			target = C65B3DDD1E682ECD0055CD22 /* JLDishWasher */;
			targetProxy = C65B3DF31E682ECE0055CD22 /* PBXContainerItemProxy */;
		};
/* End PBXTargetDependency section */

/* Begin PBXVariantGroup section */
		C65B3DE51E682ECE0055CD22 /* Main.storyboard */ = {
			isa = PBXVariantGroup;
			children = (
				C65B3DE61E682ECE0055CD22 /* Base */,
			);
			name = Main.storyboard;
			sourceTree = "<group>";
		};
		C65B3DEA1E682ECE0055CD22 /* LaunchScreen.storyboard */ = {
			isa = PBXVariantGroup;
			children = (
				C65B3DEB1E682ECE0055CD22 /* Base */,
			);
			name = LaunchScreen.storyboard;
			sourceTree = "<group>";
		};
/* End PBXVariantGroup section */

/* Begin XCBuildConfiguration section */
		C65B3DF91E682ECE0055CD22 /* Debug */ = {
			isa = XCBuildConfiguration;
			buildSettings = {
				ALWAYS_SEARCH_USER_PATHS = NO;
				CLANG_ANALYZER_NONNULL = YES;
				CLANG_CXX_LANGUAGE_STANDARD = "gnu++0x";
				CLANG_CXX_LIBRARY = "libc++";
				CLANG_ENABLE_MODULES = YES;
				CLANG_ENABLE_OBJC_ARC = YES;
				CLANG_WARN_BOOL_CONVERSION = YES;
				CLANG_WARN_CONSTANT_CONVERSION = YES;
				CLANG_WARN_DIRECT_OBJC_ISA_USAGE = YES_ERROR;
				CLANG_WARN_DOCUMENTATION_COMMENTS = YES;
				CLANG_WARN_EMPTY_BODY = YES;
				CLANG_WARN_ENUM_CONVERSION = YES;
				CLANG_WARN_INFINITE_RECURSION = YES;
				CLANG_WARN_INT_CONVERSION = YES;
				CLANG_WARN_OBJC_ROOT_CLASS = YES_ERROR;
				CLANG_WARN_SUSPICIOUS_MOVE = YES;
				CLANG_WARN_UNREACHABLE_CODE = YES;
				CLANG_WARN__DUPLICATE_METHOD_MATCH = YES;
				"CODE_SIGN_IDENTITY[sdk=iphoneos*]" = "iPhone Developer";
				COPY_PHASE_STRIP = NO;
				DEBUG_INFORMATION_FORMAT = dwarf;
				ENABLE_STRICT_OBJC_MSGSEND = YES;
				ENABLE_TESTABILITY = YES;
				GCC_C_LANGUAGE_STANDARD = gnu99;
				GCC_DYNAMIC_NO_PIC = NO;
				GCC_NO_COMMON_BLOCKS = YES;
				GCC_OPTIMIZATION_LEVEL = 0;
				GCC_PREPROCESSOR_DEFINITIONS = (
					"DEBUG=1",
					"$(inherited)",
				);
				GCC_WARN_64_TO_32_BIT_CONVERSION = YES;
				GCC_WARN_ABOUT_RETURN_TYPE = YES_ERROR;
				GCC_WARN_UNDECLARED_SELECTOR = YES;
				GCC_WARN_UNINITIALIZED_AUTOS = YES_AGGRESSIVE;
				GCC_WARN_UNUSED_FUNCTION = YES;
				GCC_WARN_UNUSED_VARIABLE = YES;
				IPHONEOS_DEPLOYMENT_TARGET = 10.2;
				MTL_ENABLE_DEBUG_INFO = YES;
				ONLY_ACTIVE_ARCH = YES;
				SDKROOT = iphoneos;
				SWIFT_ACTIVE_COMPILATION_CONDITIONS = DEBUG;
				SWIFT_OPTIMIZATION_LEVEL = "-Onone";
				TARGETED_DEVICE_FAMILY = "1,2";
			};
			name = Debug;
		};
		C65B3DFA1E682ECE0055CD22 /* Release */ = {
			isa = XCBuildConfiguration;
			buildSettings = {
				ALWAYS_SEARCH_USER_PATHS = NO;
				CLANG_ANALYZER_NONNULL = YES;
				CLANG_CXX_LANGUAGE_STANDARD = "gnu++0x";
				CLANG_CXX_LIBRARY = "libc++";
				CLANG_ENABLE_MODULES = YES;
				CLANG_ENABLE_OBJC_ARC = YES;
				CLANG_WARN_BOOL_CONVERSION = YES;
				CLANG_WARN_CONSTANT_CONVERSION = YES;
				CLANG_WARN_DIRECT_OBJC_ISA_USAGE = YES_ERROR;
				CLANG_WARN_DOCUMENTATION_COMMENTS = YES;
				CLANG_WARN_EMPTY_BODY = YES;
				CLANG_WARN_ENUM_CONVERSION = YES;
				CLANG_WARN_INFINITE_RECURSION = YES;
				CLANG_WARN_INT_CONVERSION = YES;
				CLANG_WARN_OBJC_ROOT_CLASS = YES_ERROR;
				CLANG_WARN_SUSPICIOUS_MOVE = YES;
				CLANG_WARN_UNREACHABLE_CODE = YES;
				CLANG_WARN__DUPLICATE_METHOD_MATCH = YES;
				"CODE_SIGN_IDENTITY[sdk=iphoneos*]" = "iPhone Developer";
				COPY_PHASE_STRIP = NO;
				DEBUG_INFORMATION_FORMAT = "dwarf-with-dsym";
				ENABLE_NS_ASSERTIONS = NO;
				ENABLE_STRICT_OBJC_MSGSEND = YES;
				GCC_C_LANGUAGE_STANDARD = gnu99;
				GCC_NO_COMMON_BLOCKS = YES;
				GCC_WARN_64_TO_32_BIT_CONVERSION = YES;
				GCC_WARN_ABOUT_RETURN_TYPE = YES_ERROR;
				GCC_WARN_UNDECLARED_SELECTOR = YES;
				GCC_WARN_UNINITIALIZED_AUTOS = YES_AGGRESSIVE;
				GCC_WARN_UNUSED_FUNCTION = YES;
				GCC_WARN_UNUSED_VARIABLE = YES;
				IPHONEOS_DEPLOYMENT_TARGET = 10.2;
				MTL_ENABLE_DEBUG_INFO = NO;
				SDKROOT = iphoneos;
				SWIFT_OPTIMIZATION_LEVEL = "-Owholemodule";
				TARGETED_DEVICE_FAMILY = "1,2";
				VALIDATE_PRODUCT = YES;
			};
			name = Release;
		};
		C65B3DFC1E682ECE0055CD22 /* Debug */ = {
			isa = XCBuildConfiguration;
			buildSettings = {
				ASSETCATALOG_COMPILER_APPICON_NAME = AppIcon;
				INFOPLIST_FILE = JLDishWasher/Info.plist;
				IPHONEOS_DEPLOYMENT_TARGET = 9.0;
				LD_RUNPATH_SEARCH_PATHS = "$(inherited) @executable_path/Frameworks";
				PRODUCT_BUNDLE_IDENTIFIER = com.cognizantmobility.JLDishWasher;
				PRODUCT_NAME = "$(TARGET_NAME)";
				SWIFT_VERSION = 3.0;
				TARGETED_DEVICE_FAMILY = 2;
			};
			name = Debug;
		};
		C65B3DFD1E682ECE0055CD22 /* Release */ = {
			isa = XCBuildConfiguration;
			buildSettings = {
				ASSETCATALOG_COMPILER_APPICON_NAME = AppIcon;
				INFOPLIST_FILE = JLDishWasher/Info.plist;
				IPHONEOS_DEPLOYMENT_TARGET = 9.0;
				LD_RUNPATH_SEARCH_PATHS = "$(inherited) @executable_path/Frameworks";
				PRODUCT_BUNDLE_IDENTIFIER = com.cognizantmobility.JLDishWasher;
				PRODUCT_NAME = "$(TARGET_NAME)";
				SWIFT_VERSION = 3.0;
				TARGETED_DEVICE_FAMILY = 2;
			};
			name = Release;
		};
		C65B3DFF1E682ECE0055CD22 /* Debug */ = {
			isa = XCBuildConfiguration;
			buildSettings = {
				ALWAYS_EMBED_SWIFT_STANDARD_LIBRARIES = YES;
				BUNDLE_LOADER = "$(TEST_HOST)";
				INFOPLIST_FILE = JLDishWasherTests/Info.plist;
				LD_RUNPATH_SEARCH_PATHS = "$(inherited) @executable_path/Frameworks @loader_path/Frameworks";
				PRODUCT_BUNDLE_IDENTIFIER = com.cognizantmobility.JLDishWasherTests;
				PRODUCT_NAME = "$(TARGET_NAME)";
				SWIFT_VERSION = 3.0;
				TEST_HOST = "$(BUILT_PRODUCTS_DIR)/JLDishWasher.app/JLDishWasher";
			};
			name = Debug;
		};
		C65B3E001E682ECE0055CD22 /* Release */ = {
			isa = XCBuildConfiguration;
			buildSettings = {
				ALWAYS_EMBED_SWIFT_STANDARD_LIBRARIES = YES;
				BUNDLE_LOADER = "$(TEST_HOST)";
				INFOPLIST_FILE = JLDishWasherTests/Info.plist;
				LD_RUNPATH_SEARCH_PATHS = "$(inherited) @executable_path/Frameworks @loader_path/Frameworks";
				PRODUCT_BUNDLE_IDENTIFIER = com.cognizantmobility.JLDishWasherTests;
				PRODUCT_NAME = "$(TARGET_NAME)";
				SWIFT_VERSION = 3.0;
				TEST_HOST = "$(BUILT_PRODUCTS_DIR)/JLDishWasher.app/JLDishWasher";
			};
			name = Release;
		};
/* End XCBuildConfiguration section */

/* Begin XCConfigurationList section */
		C65B3DD91E682ECD0055CD22 /* Build configuration list for PBXProject "JLDishWasher" */ = {
			isa = XCConfigurationList;
			buildConfigurations = (
				C65B3DF91E682ECE0055CD22 /* Debug */,
				C65B3DFA1E682ECE0055CD22 /* Release */,
			);
			defaultConfigurationIsVisible = 0;
			defaultConfigurationName = Release;
		};
		C65B3DFB1E682ECE0055CD22 /* Build configuration list for PBXNativeTarget "JLDishWasher" */ = {
			isa = XCConfigurationList;
			buildConfigurations = (
				C65B3DFC1E682ECE0055CD22 /* Debug */,
				C65B3DFD1E682ECE0055CD22 /* Release */,
			);
			defaultConfigurationIsVisible = 0;
			defaultConfigurationName = Release;
		};
		C65B3DFE1E682ECE0055CD22 /* Build configuration list for PBXNativeTarget "JLDishWasherTests" */ = {
			isa = XCConfigurationList;
			buildConfigurations = (
				C65B3DFF1E682ECE0055CD22 /* Debug */,
				C65B3E001E682ECE0055CD22 /* Release */,
			);
			defaultConfigurationIsVisible = 0;
			defaultConfigurationName = Release;
		};
/* End XCConfigurationList section */
	};
	rootObject = C65B3DD61E682ECD0055CD22 /* Project object */;
}
